
Microsoft Visual Studio Solution File, Format Version 12.00
# Visual Studio Version 16
VisualStudioVersion = 16.0.29503.13
MinimumVisualStudioVersion = 10.0.40219.1
Project("{FAE04EC0-301F-11D3-BF4B-00C04F79EFBC}") = "WindowsFormsApp3", "WindowsFormsApp3.csproj", "{3AB4E4C2-FB52-4487-A5C9-CD09ED8517F0}"
EndProject
Global
	GlobalSection(SolutionConfigurationPlatforms) = preSolution
		Debug|Any CPU = Debug|Any CPU
		Release|Any CPU = Release|Any CPU
	EndGlobalSection
	GlobalSection(ProjectConfigurationPlatforms) = postSolution
		{3AB4E4C2-FB52-4487-A5C9-CD09ED8517F0}.Debug|Any CPU.ActiveCfg = Debug|Any CPU
		{3AB4E4C2-FB52-4487-A5C9-CD09ED8517F0}.Debug|Any CPU.Build.0 = Debug|Any CPU
		{3AB4E4C2-FB52-4487-A5C9-CD09ED8517F0}.Release|Any CPU.ActiveCfg = Release|Any CPU
		{3AB4E4C2-FB52-4487-A5C9-CD09ED8517F0}.Release|Any CPU.Build.0 = Release|Any CPU
	EndGlobalSection
	GlobalSection(SolutionProperties) = preSolution
		HideSolutionNode = FALSE
	EndGlobalSection
	GlobalSection(ExtensibilityGlobals) = postSolution
		SolutionGuid = {467AD833-D5EA-4C7B-9806-32A657F41167}
	EndGlobalSection
EndGlobal
